
Microsoft Visual Studio Solution File, Format Version 12.00
# Visual Studio Version 16
VisualStudioVersion = 16.0.31005.135
MinimumVisualStudioVersion = 10.0.40219.1
Project("{888888A0-9F3D-457C-B088-3A5042F75D52}") = "SQMLab2Python", "SQMLab2Python.pyproj", "{C0BDF4B7-9786-4E44-B84A-5DED82D25D39}"
EndProject
Global
	GlobalSection(SolutionConfigurationPlatforms) = preSolution
		Debug|Any CPU = Debug|Any CPU
		Release|Any CPU = Release|Any CPU
	EndGlobalSection
	GlobalSection(ProjectConfigurationPlatforms) = postSolution
		{C0BDF4B7-9786-4E44-B84A-5DED82D25D39}.Debug|Any CPU.ActiveCfg = Debug|Any CPU
		{C0BDF4B7-9786-4E44-B84A-5DED82D25D39}.Release|Any CPU.ActiveCfg = Release|Any CPU
	EndGlobalSection
	GlobalSection(SolutionProperties) = preSolution
		HideSolutionNode = FALSE
	EndGlobalSection
	GlobalSection(ExtensibilityGlobals) = postSolution
		SolutionGuid = {FCF25DD2-1C42-45E6-8152-C12D143C36F2}
	EndGlobalSection
EndGlobal
